
Microsoft Visual Studio Solution File, Format Version 12.00
Project("{FAE04EC0-301F-11D3-BF4B-00C04F79EFBC}") = "JWT", "JWT\JWT.csproj", "{22F5E5AD-868A-4668-A4C2-9EEF5F7A89C9}"
EndProject
Global
	GlobalSection(SolutionConfigurationPlatforms) = preSolution
		Debug|Any CPU = Debug|Any CPU
		Release|Any CPU = Release|Any CPU
	EndGlobalSection
	GlobalSection(ProjectConfigurationPlatforms) = postSolution
		{22F5E5AD-868A-4668-A4C2-9EEF5F7A89C9}.Debug|Any CPU.ActiveCfg = Debug|Any CPU
		{22F5E5AD-868A-4668-A4C2-9EEF5F7A89C9}.Debug|Any CPU.Build.0 = Debug|Any CPU
		{22F5E5AD-868A-4668-A4C2-9EEF5F7A89C9}.Release|Any CPU.ActiveCfg = Release|Any CPU
		{22F5E5AD-868A-4668-A4C2-9EEF5F7A89C9}.Release|Any CPU.Build.0 = Release|Any CPU
	EndGlobalSection
EndGlobal
